
Microsoft Visual Studio Solution File, Format Version 12.00
# Visual Studio Version 17
VisualStudioVersion = 17.10.35122.118
MinimumVisualStudioVersion = 10.0.40219.1
Project("{FAE04EC0-301F-11D3-BF4B-00C04F79EFBC}") = "TDDSI.VERDURAS.BACKEND.Api", "TDDSI.VERDURAS.BACKEND\TDDSI.VERDURAS.BACKEND.Api\TDDSI.VERDURAS.BACKEND.Api.csproj", "{7DA7F049-BA3D-4112-8545-FDC3BDDB9072}"
EndProject
Project("{FAE04EC0-301F-11D3-BF4B-00C04F79EFBC}") = "TDDSI.VERDURAS.BACKEND.Api.Tests", "TDDSI.VERDURAS.BACKEND\TDDSI.VERDURAS.BACKEND.Api.Tests\TDDSI.VERDURAS.BACKEND.Api.Tests.csproj", "{0062F803-9AAD-4AA9-9A20-9DB943B27D75}"
EndProject
Project("{FAE04EC0-301F-11D3-BF4B-00C04F79EFBC}") = "TDDSI.VERDURAS.BACKEND.Application", "TDDSI.VERDURAS.BACKEND\TDDSI.VERDURAS.BACKEND.Application\TDDSI.VERDURAS.BACKEND.Application.csproj", "{F9BFE269-CB80-442E-8341-7F245C2B39AE}"
EndProject
Project("{FAE04EC0-301F-11D3-BF4B-00C04F79EFBC}") = "TDDSI.VERDURAS.BACKEND.Domain", "TDDSI.VERDURAS.BACKEND\TDDSI.VERDURAS.BACKEND.Domain\TDDSI.VERDURAS.BACKEND.Domain.csproj", "{C5AE63C1-E9A5-4CC0-8188-82E5627CBE02}"
EndProject
Project("{FAE04EC0-301F-11D3-BF4B-00C04F79EFBC}") = "TDDSI.VERDURAS.BACKEND.Domain.Tests", "TDDSI.VERDURAS.BACKEND\TDDSI.VERDURAS.BACKEND.Domain.Tests\TDDSI.VERDURAS.BACKEND.Domain.Tests.csproj", "{D8FB7190-9FC3-44BF-8428-2AAB510DC545}"
EndProject
Project("{FAE04EC0-301F-11D3-BF4B-00C04F79EFBC}") = "TDDSI.VERDURAS.BACKEND.Infrastructure", "TDDSI.VERDURAS.BACKEND\TDDSI.VERDURAS.BACKEND.Infrastructure\TDDSI.VERDURAS.BACKEND.Infrastructure.csproj", "{66772BFE-FB34-426C-AFFB-14B599FD5CC1}"
EndProject
Project("{FAE04EC0-301F-11D3-BF4B-00C04F79EFBC}") = "TDDSI.VERDURAS.BACKEND.Infrastructure.PostgreSql", "TDDSI.VERDURAS.BACKEND\TDDSI.VERDURAS.BACKEND.Infrastructure.PostgreSql\TDDSI.VERDURAS.BACKEND.Infrastructure.PostgreSql.csproj", "{5017BEE7-F225-47F9-AAD3-4351AA860F26}"
EndProject
Global
	GlobalSection(SolutionConfigurationPlatforms) = preSolution
		Debug|Any CPU = Debug|Any CPU
		Release|Any CPU = Release|Any CPU
	EndGlobalSection
	GlobalSection(ProjectConfigurationPlatforms) = postSolution
		{7DA7F049-BA3D-4112-8545-FDC3BDDB9072}.Debug|Any CPU.ActiveCfg = Debug|Any CPU
		{7DA7F049-BA3D-4112-8545-FDC3BDDB9072}.Debug|Any CPU.Build.0 = Debug|Any CPU
		{7DA7F049-BA3D-4112-8545-FDC3BDDB9072}.Release|Any CPU.ActiveCfg = Release|Any CPU
		{7DA7F049-BA3D-4112-8545-FDC3BDDB9072}.Release|Any CPU.Build.0 = Release|Any CPU
		{0062F803-9AAD-4AA9-9A20-9DB943B27D75}.Debug|Any CPU.ActiveCfg = Debug|Any CPU
		{0062F803-9AAD-4AA9-9A20-9DB943B27D75}.Debug|Any CPU.Build.0 = Debug|Any CPU
		{0062F803-9AAD-4AA9-9A20-9DB943B27D75}.Release|Any CPU.ActiveCfg = Release|Any CPU
		{0062F803-9AAD-4AA9-9A20-9DB943B27D75}.Release|Any CPU.Build.0 = Release|Any CPU
		{F9BFE269-CB80-442E-8341-7F245C2B39AE}.Debug|Any CPU.ActiveCfg = Debug|Any CPU
		{F9BFE269-CB80-442E-8341-7F245C2B39AE}.Debug|Any CPU.Build.0 = Debug|Any CPU
		{F9BFE269-CB80-442E-8341-7F245C2B39AE}.Release|Any CPU.ActiveCfg = Release|Any CPU
		{F9BFE269-CB80-442E-8341-7F245C2B39AE}.Release|Any CPU.Build.0 = Release|Any CPU
		{C5AE63C1-E9A5-4CC0-8188-82E5627CBE02}.Debug|Any CPU.ActiveCfg = Debug|Any CPU
		{C5AE63C1-E9A5-4CC0-8188-82E5627CBE02}.Debug|Any CPU.Build.0 = Debug|Any CPU
		{C5AE63C1-E9A5-4CC0-8188-82E5627CBE02}.Release|Any CPU.ActiveCfg = Release|Any CPU
		{C5AE63C1-E9A5-4CC0-8188-82E5627CBE02}.Release|Any CPU.Build.0 = Release|Any CPU
		{D8FB7190-9FC3-44BF-8428-2AAB510DC545}.Debug|Any CPU.ActiveCfg = Debug|Any CPU
		{D8FB7190-9FC3-44BF-8428-2AAB510DC545}.Debug|Any CPU.Build.0 = Debug|Any CPU
		{D8FB7190-9FC3-44BF-8428-2AAB510DC545}.Release|Any CPU.ActiveCfg = Release|Any CPU
		{D8FB7190-9FC3-44BF-8428-2AAB510DC545}.Release|Any CPU.Build.0 = Release|Any CPU
		{66772BFE-FB34-426C-AFFB-14B599FD5CC1}.Debug|Any CPU.ActiveCfg = Debug|Any CPU
		{66772BFE-FB34-426C-AFFB-14B599FD5CC1}.Debug|Any CPU.Build.0 = Debug|Any CPU
		{66772BFE-FB34-426C-AFFB-14B599FD5CC1}.Release|Any CPU.ActiveCfg = Release|Any CPU
		{66772BFE-FB34-426C-AFFB-14B599FD5CC1}.Release|Any CPU.Build.0 = Release|Any CPU
		{5017BEE7-F225-47F9-AAD3-4351AA860F26}.Debug|Any CPU.ActiveCfg = Debug|Any CPU
		{5017BEE7-F225-47F9-AAD3-4351AA860F26}.Debug|Any CPU.Build.0 = Debug|Any CPU
		{5017BEE7-F225-47F9-AAD3-4351AA860F26}.Release|Any CPU.ActiveCfg = Release|Any CPU
		{5017BEE7-F225-47F9-AAD3-4351AA860F26}.Release|Any CPU.Build.0 = Release|Any CPU
	EndGlobalSection
	GlobalSection(SolutionProperties) = preSolution
		HideSolutionNode = FALSE
	EndGlobalSection
	GlobalSection(ExtensibilityGlobals) = postSolution
		SolutionGuid = {A5115D9D-2C50-479B-BEAE-5ACB829028B9}
	EndGlobalSection
EndGlobal
